
Microsoft Visual Studio Solution File, Format Version 12.00
# Visual Studio Version 17
VisualStudioVersion = 17.11.35327.3
MinimumVisualStudioVersion = 10.0.40219.1
Project("{9A19103F-16F7-4668-BE54-9A1E7A4F7556}") = "Finances.Api", "Finances.Api.csproj", "{40ABF952-64DE-4431-B913-2A24713F9816}"
EndProject
Project("{9A19103F-16F7-4668-BE54-9A1E7A4F7556}") = "Finances.Models", "..\Finances.Models\Finances.Models.csproj", "{E5D7E64E-BC1A-4DBB-B7BE-2988A19B85D4}"
EndProject
Project("{FAE04EC0-301F-11D3-BF4B-00C04F79EFBC}") = "Finances.Web", "..\Finances.Web\Finances.Web.csproj", "{912D0EF3-18BE-4958-B7D6-D416F01E0091}"
EndProject
Global
	GlobalSection(SolutionConfigurationPlatforms) = preSolution
		Debug|Any CPU = Debug|Any CPU
		Release|Any CPU = Release|Any CPU
	EndGlobalSection
	GlobalSection(ProjectConfigurationPlatforms) = postSolution
		{40ABF952-64DE-4431-B913-2A24713F9816}.Debug|Any CPU.ActiveCfg = Debug|Any CPU
		{40ABF952-64DE-4431-B913-2A24713F9816}.Debug|Any CPU.Build.0 = Debug|Any CPU
		{40ABF952-64DE-4431-B913-2A24713F9816}.Release|Any CPU.ActiveCfg = Release|Any CPU
		{40ABF952-64DE-4431-B913-2A24713F9816}.Release|Any CPU.Build.0 = Release|Any CPU
		{E5D7E64E-BC1A-4DBB-B7BE-2988A19B85D4}.Debug|Any CPU.ActiveCfg = Debug|Any CPU
		{E5D7E64E-BC1A-4DBB-B7BE-2988A19B85D4}.Debug|Any CPU.Build.0 = Debug|Any CPU
		{E5D7E64E-BC1A-4DBB-B7BE-2988A19B85D4}.Release|Any CPU.ActiveCfg = Release|Any CPU
		{E5D7E64E-BC1A-4DBB-B7BE-2988A19B85D4}.Release|Any CPU.Build.0 = Release|Any CPU
		{912D0EF3-18BE-4958-B7D6-D416F01E0091}.Debug|Any CPU.ActiveCfg = Debug|Any CPU
		{912D0EF3-18BE-4958-B7D6-D416F01E0091}.Debug|Any CPU.Build.0 = Debug|Any CPU
		{912D0EF3-18BE-4958-B7D6-D416F01E0091}.Release|Any CPU.ActiveCfg = Release|Any CPU
		{912D0EF3-18BE-4958-B7D6-D416F01E0091}.Release|Any CPU.Build.0 = Release|Any CPU
	EndGlobalSection
	GlobalSection(SolutionProperties) = preSolution
		HideSolutionNode = FALSE
	EndGlobalSection
	GlobalSection(ExtensibilityGlobals) = postSolution
		SolutionGuid = {BC79F0CE-0227-4018-A071-BC781FBECA2B}
	EndGlobalSection
EndGlobal
